
Microsoft Visual Studio Solution File, Format Version 12.00
# Visual Studio 15
Project("{FAE04EC0-301F-11D3-BF4B-00C04F79EFBC}") = "RSSVE", "RSSVE.csproj", "{491F729B-7CE9-4A05-86DE-80954F0622DF}"
EndProject
Global
	GlobalSection(SolutionConfigurationPlatforms) = preSolution
		Debug|Any CPU = Debug|Any CPU
		Release|Any CPU = Release|Any CPU
	EndGlobalSection
	GlobalSection(ProjectConfigurationPlatforms) = postSolution
		{491F729B-7CE9-4A05-86DE-80954F0622DF}.Debug|Any CPU.ActiveCfg = Debug|Any CPU
		{491F729B-7CE9-4A05-86DE-80954F0622DF}.Debug|Any CPU.Build.0 = Debug|Any CPU
		{491F729B-7CE9-4A05-86DE-80954F0622DF}.Release|Any CPU.ActiveCfg = Release|Any CPU
		{491F729B-7CE9-4A05-86DE-80954F0622DF}.Release|Any CPU.Build.0 = Release|Any CPU
	EndGlobalSection
	GlobalSection(SolutionProperties) = preSolution
		HideSolutionNode = FALSE
	EndGlobalSection
	GlobalSection(ExtensibilityGlobals) = postSolution
		SolutionGuid = {4CA31786-C1E3-4809-91CD-CC856EAC04CF}
	EndGlobalSection
EndGlobal
